// !$*UTF8*$!
{
	archiveVersion = 1;
	classes = {
	};
	objectVersion = 50;
	objects = {

/* Begin PBXBuildFile section */
		947EE15D0571A3374489233C /* libPods-BooleanExpressionEvaluation.a in Frameworks */ = {isa = PBXBuildFile; fileRef = C7655CBD995C3A4F7CD1FCF3 /* libPods-BooleanExpressionEvaluation.a */; };
		AD146D593180F1A1120C3896 /* libPods-BooleanExpressionEvaluation-BooleanExpressionEvaluationTests.a in Frameworks */ = {isa = PBXBuildFile; fileRef = BC7E489E2F389D785B1599C0 /* libPods-BooleanExpressionEvaluation-BooleanExpressionEvaluationTests.a */; };
		BDB6C4762392D4E70027D01F /* BooleanExpressionTokenizorTestsIntegration.swift in Sources */ = {isa = PBXBuildFile; fileRef = BDB6C4752392D4E70027D01F /* BooleanExpressionTokenizorTestsIntegration.swift */; };
		BDB6C4782392D5C00027D01F /* ExpressionEvaluatorTestsIntegration.swift in Sources */ = {isa = PBXBuildFile; fileRef = BDB6C4772392D5C00027D01F /* ExpressionEvaluatorTestsIntegration.swift */; };
		BDE6B086238E5FA90021D4AD /* BooleanExpressionEvaluation.framework in Frameworks */ = {isa = PBXBuildFile; fileRef = BDE6B07C238E5FA90021D4AD /* BooleanExpressionEvaluation.framework */; };
		BDE6B08B238E5FA90021D4AD /* BooleanExpressionEvaluationTests.swift in Sources */ = {isa = PBXBuildFile; fileRef = BDE6B08A238E5FA90021D4AD /* BooleanExpressionEvaluationTests.swift */; };
		BDE6B08D238E5FA90021D4AD /* BooleanExpressionEvaluation.h in Headers */ = {isa = PBXBuildFile; fileRef = BDE6B07F238E5FA90021D4AD /* BooleanExpressionEvaluation.h */; settings = {ATTRIBUTES = (Public, ); }; };
		BDE6B0A3238E63710021D4AD /* ExpressionError.swift in Sources */ = {isa = PBXBuildFile; fileRef = BDE6B098238E63710021D4AD /* ExpressionError.swift */; };
		BDE6B0A4238E63710021D4AD /* Expression.swift in Sources */ = {isa = PBXBuildFile; fileRef = BDE6B099238E63710021D4AD /* Expression.swift */; };
		BDE6B0A5238E63710021D4AD /* BooleanExpressionTokenizator.swift in Sources */ = {isa = PBXBuildFile; fileRef = BDE6B09A238E63710021D4AD /* BooleanExpressionTokenizator.swift */; };
		BDE6B0A6238E63710021D4AD /* ExpressionElement.swift in Sources */ = {isa = PBXBuildFile; fileRef = BDE6B09B238E63710021D4AD /* ExpressionElement.swift */; };
		BDE6B0A7238E63710021D4AD /* HalfBooleanExpression.swift in Sources */ = {isa = PBXBuildFile; fileRef = BDE6B09C238E63710021D4AD /* HalfBooleanExpression.swift */; };
		BDE6B0A8238E63710021D4AD /* ExpressionEvaluator.swift in Sources */ = {isa = PBXBuildFile; fileRef = BDE6B09D238E63710021D4AD /* ExpressionEvaluator.swift */; };
		BDE6B0A9238E63710021D4AD /* ArrayExtension.swift in Sources */ = {isa = PBXBuildFile; fileRef = BDE6B09F238E63710021D4AD /* ArrayExtension.swift */; };
		BDE6B0AA238E63710021D4AD /* StringExtensions.swift in Sources */ = {isa = PBXBuildFile; fileRef = BDE6B0A0238E63710021D4AD /* StringExtensions.swift */; };
		BDE6B0AB238E63710021D4AD /* NSRegularExpressionExtension.swift in Sources */ = {isa = PBXBuildFile; fileRef = BDE6B0A1238E63710021D4AD /* NSRegularExpressionExtension.swift */; };
		BDE6B0B4238E638D0021D4AD /* BooleanExpressionTokenizorTests.swift in Sources */ = {isa = PBXBuildFile; fileRef = BDE6B0AE238E638D0021D4AD /* BooleanExpressionTokenizorTests.swift */; };
		BDE6B0B5238E638D0021D4AD /* ExpressionElementTests.swift in Sources */ = {isa = PBXBuildFile; fileRef = BDE6B0AF238E638D0021D4AD /* ExpressionElementTests.swift */; };
		BDE6B0B6238E638D0021D4AD /* ExpressionEvaluatorTests.swift in Sources */ = {isa = PBXBuildFile; fileRef = BDE6B0B0238E638D0021D4AD /* ExpressionEvaluatorTests.swift */; };
		BDE6B0B7238E638D0021D4AD /* ExpressionTests.swift in Sources */ = {isa = PBXBuildFile; fileRef = BDE6B0B1238E638D0021D4AD /* ExpressionTests.swift */; };
/* End PBXBuildFile section */

/* Begin PBXContainerItemProxy section */
		BDE6B087238E5FA90021D4AD /* PBXContainerItemProxy */ = {
			isa = PBXContainerItemProxy;
			containerPortal = BDE6B073238E5FA90021D4AD /* Project object */;
			proxyType = 1;
			remoteGlobalIDString = BDE6B07B238E5FA90021D4AD;
			remoteInfo = BooleanExpressionEvaluation;
		};
/* End PBXContainerItemProxy section */

/* Begin PBXFileReference section */
		94BD83E8359F4912E2F4F142 /* Pods-BooleanExpressionEvaluation-BooleanExpressionEvaluationTests.release.xcconfig */ = {isa = PBXFileReference; includeInIndex = 1; lastKnownFileType = text.xcconfig; name = "Pods-BooleanExpressionEvaluation-BooleanExpressionEvaluationTests.release.xcconfig"; path = "Target Support Files/Pods-BooleanExpressionEvaluation-BooleanExpressionEvaluationTests/Pods-BooleanExpressionEvaluation-BooleanExpressionEvaluationTests.release.xcconfig"; sourceTree = "<group>"; };
		B52333DF56B2FF4E5D298E96 /* Pods-BooleanExpressionEvaluation-BooleanExpressionEvaluationTests.debug.xcconfig */ = {isa = PBXFileReference; includeInIndex = 1; lastKnownFileType = text.xcconfig; name = "Pods-BooleanExpressionEvaluation-BooleanExpressionEvaluationTests.debug.xcconfig"; path = "Target Support Files/Pods-BooleanExpressionEvaluation-BooleanExpressionEvaluationTests/Pods-BooleanExpressionEvaluation-BooleanExpressionEvaluationTests.debug.xcconfig"; sourceTree = "<group>"; };
		BC7E489E2F389D785B1599C0 /* libPods-BooleanExpressionEvaluation-BooleanExpressionEvaluationTests.a */ = {isa = PBXFileReference; explicitFileType = archive.ar; includeInIndex = 0; path = "libPods-BooleanExpressionEvaluation-BooleanExpressionEvaluationTests.a"; sourceTree = BUILT_PRODUCTS_DIR; };
		BDB6C4752392D4E70027D01F /* BooleanExpressionTokenizorTestsIntegration.swift */ = {isa = PBXFileReference; lastKnownFileType = sourcecode.swift; path = BooleanExpressionTokenizorTestsIntegration.swift; sourceTree = "<group>"; };
		BDB6C4772392D5C00027D01F /* ExpressionEvaluatorTestsIntegration.swift */ = {isa = PBXFileReference; lastKnownFileType = sourcecode.swift; path = ExpressionEvaluatorTestsIntegration.swift; sourceTree = "<group>"; };
		BDE6B07C238E5FA90021D4AD /* BooleanExpressionEvaluation.framework */ = {isa = PBXFileReference; explicitFileType = wrapper.framework; includeInIndex = 0; path = BooleanExpressionEvaluation.framework; sourceTree = BUILT_PRODUCTS_DIR; };
		BDE6B07F238E5FA90021D4AD /* BooleanExpressionEvaluation.h */ = {isa = PBXFileReference; lastKnownFileType = sourcecode.c.h; path = BooleanExpressionEvaluation.h; sourceTree = "<group>"; };
		BDE6B080238E5FA90021D4AD /* Info.plist */ = {isa = PBXFileReference; lastKnownFileType = text.plist.xml; path = Info.plist; sourceTree = "<group>"; };
		BDE6B085238E5FA90021D4AD /* BooleanExpressionEvaluationTests.xctest */ = {isa = PBXFileReference; explicitFileType = wrapper.cfbundle; includeInIndex = 0; path = BooleanExpressionEvaluationTests.xctest; sourceTree = BUILT_PRODUCTS_DIR; };
		BDE6B08A238E5FA90021D4AD /* BooleanExpressionEvaluationTests.swift */ = {isa = PBXFileReference; lastKnownFileType = sourcecode.swift; path = BooleanExpressionEvaluationTests.swift; sourceTree = "<group>"; };
		BDE6B08C238E5FA90021D4AD /* Info.plist */ = {isa = PBXFileReference; lastKnownFileType = text.plist.xml; path = Info.plist; sourceTree = "<group>"; };
		BDE6B098238E63710021D4AD /* ExpressionError.swift */ = {isa = PBXFileReference; fileEncoding = 4; lastKnownFileType = sourcecode.swift; path = ExpressionError.swift; sourceTree = "<group>"; };
		BDE6B099238E63710021D4AD /* Expression.swift */ = {isa = PBXFileReference; fileEncoding = 4; lastKnownFileType = sourcecode.swift; path = Expression.swift; sourceTree = "<group>"; };
		BDE6B09A238E63710021D4AD /* BooleanExpressionTokenizator.swift */ = {isa = PBXFileReference; fileEncoding = 4; lastKnownFileType = sourcecode.swift; path = BooleanExpressionTokenizator.swift; sourceTree = "<group>"; };
		BDE6B09B238E63710021D4AD /* ExpressionElement.swift */ = {isa = PBXFileReference; fileEncoding = 4; lastKnownFileType = sourcecode.swift; path = ExpressionElement.swift; sourceTree = "<group>"; };
		BDE6B09C238E63710021D4AD /* HalfBooleanExpression.swift */ = {isa = PBXFileReference; fileEncoding = 4; lastKnownFileType = sourcecode.swift; path = HalfBooleanExpression.swift; sourceTree = "<group>"; };
		BDE6B09D238E63710021D4AD /* ExpressionEvaluator.swift */ = {isa = PBXFileReference; fileEncoding = 4; lastKnownFileType = sourcecode.swift; path = ExpressionEvaluator.swift; sourceTree = "<group>"; };
		BDE6B09F238E63710021D4AD /* ArrayExtension.swift */ = {isa = PBXFileReference; fileEncoding = 4; lastKnownFileType = sourcecode.swift; path = ArrayExtension.swift; sourceTree = "<group>"; };
		BDE6B0A0238E63710021D4AD /* StringExtensions.swift */ = {isa = PBXFileReference; fileEncoding = 4; lastKnownFileType = sourcecode.swift; path = StringExtensions.swift; sourceTree = "<group>"; };
		BDE6B0A1238E63710021D4AD /* NSRegularExpressionExtension.swift */ = {isa = PBXFileReference; fileEncoding = 4; lastKnownFileType = sourcecode.swift; path = NSRegularExpressionExtension.swift; sourceTree = "<group>"; };
		BDE6B0AE238E638D0021D4AD /* BooleanExpressionTokenizorTests.swift */ = {isa = PBXFileReference; fileEncoding = 4; lastKnownFileType = sourcecode.swift; path = BooleanExpressionTokenizorTests.swift; sourceTree = "<group>"; };
		BDE6B0AF238E638D0021D4AD /* ExpressionElementTests.swift */ = {isa = PBXFileReference; fileEncoding = 4; lastKnownFileType = sourcecode.swift; path = ExpressionElementTests.swift; sourceTree = "<group>"; };
		BDE6B0B0238E638D0021D4AD /* ExpressionEvaluatorTests.swift */ = {isa = PBXFileReference; fileEncoding = 4; lastKnownFileType = sourcecode.swift; path = ExpressionEvaluatorTests.swift; sourceTree = "<group>"; };
		BDE6B0B1238E638D0021D4AD /* ExpressionTests.swift */ = {isa = PBXFileReference; fileEncoding = 4; lastKnownFileType = sourcecode.swift; path = ExpressionTests.swift; sourceTree = "<group>"; };
		C7655CBD995C3A4F7CD1FCF3 /* libPods-BooleanExpressionEvaluation.a */ = {isa = PBXFileReference; explicitFileType = archive.ar; includeInIndex = 0; path = "libPods-BooleanExpressionEvaluation.a"; sourceTree = BUILT_PRODUCTS_DIR; };
		CAF7B2CD271FF08A313F3111 /* Pods-BooleanExpressionEvaluation.release.xcconfig */ = {isa = PBXFileReference; includeInIndex = 1; lastKnownFileType = text.xcconfig; name = "Pods-BooleanExpressionEvaluation.release.xcconfig"; path = "Target Support Files/Pods-BooleanExpressionEvaluation/Pods-BooleanExpressionEvaluation.release.xcconfig"; sourceTree = "<group>"; };
		D430332213FBFCF4BE3BFAF9 /* Pods-BooleanExpressionEvaluation.debug.xcconfig */ = {isa = PBXFileReference; includeInIndex = 1; lastKnownFileType = text.xcconfig; name = "Pods-BooleanExpressionEvaluation.debug.xcconfig"; path = "Target Support Files/Pods-BooleanExpressionEvaluation/Pods-BooleanExpressionEvaluation.debug.xcconfig"; sourceTree = "<group>"; };
/* End PBXFileReference section */

/* Begin PBXFrameworksBuildPhase section */
		BDE6B079238E5FA90021D4AD /* Frameworks */ = {
			isa = PBXFrameworksBuildPhase;
			buildActionMask = 2147483647;
			files = (
				947EE15D0571A3374489233C /* libPods-BooleanExpressionEvaluation.a in Frameworks */,
			);
			runOnlyForDeploymentPostprocessing = 0;
		};
		BDE6B082238E5FA90021D4AD /* Frameworks */ = {
			isa = PBXFrameworksBuildPhase;
			buildActionMask = 2147483647;
			files = (
				BDE6B086238E5FA90021D4AD /* BooleanExpressionEvaluation.framework in Frameworks */,
				AD146D593180F1A1120C3896 /* libPods-BooleanExpressionEvaluation-BooleanExpressionEvaluationTests.a in Frameworks */,
			);
			runOnlyForDeploymentPostprocessing = 0;
		};
/* End PBXFrameworksBuildPhase section */

/* Begin PBXGroup section */
		400008A8A96D936C198DBC2F /* Pods */ = {
			isa = PBXGroup;
			children = (
				D430332213FBFCF4BE3BFAF9 /* Pods-BooleanExpressionEvaluation.debug.xcconfig */,
				CAF7B2CD271FF08A313F3111 /* Pods-BooleanExpressionEvaluation.release.xcconfig */,
				B52333DF56B2FF4E5D298E96 /* Pods-BooleanExpressionEvaluation-BooleanExpressionEvaluationTests.debug.xcconfig */,
				94BD83E8359F4912E2F4F142 /* Pods-BooleanExpressionEvaluation-BooleanExpressionEvaluationTests.release.xcconfig */,
			);
			path = Pods;
			sourceTree = "<group>";
		};
		BDE6B072238E5FA90021D4AD = {
			isa = PBXGroup;
			children = (
				BDE6B07E238E5FA90021D4AD /* BooleanExpressionEvaluation */,
				BDE6B089238E5FA90021D4AD /* BooleanExpressionEvaluationTests */,
				BDE6B07D238E5FA90021D4AD /* Products */,
				400008A8A96D936C198DBC2F /* Pods */,
				EEA072F6128FA158FD24288C /* Frameworks */,
			);
			sourceTree = "<group>";
		};
		BDE6B07D238E5FA90021D4AD /* Products */ = {
			isa = PBXGroup;
			children = (
				BDE6B07C238E5FA90021D4AD /* BooleanExpressionEvaluation.framework */,
				BDE6B085238E5FA90021D4AD /* BooleanExpressionEvaluationTests.xctest */,
			);
			name = Products;
			sourceTree = "<group>";
		};
		BDE6B07E238E5FA90021D4AD /* BooleanExpressionEvaluation */ = {
			isa = PBXGroup;
			children = (
				BDE6B097238E63710021D4AD /* Expression */,
				BDE6B09E238E63710021D4AD /* Extensions */,
				BDE6B07F238E5FA90021D4AD /* BooleanExpressionEvaluation.h */,
				BDE6B080238E5FA90021D4AD /* Info.plist */,
			);
			path = BooleanExpressionEvaluation;
			sourceTree = "<group>";
		};
		BDE6B089238E5FA90021D4AD /* BooleanExpressionEvaluationTests */ = {
			isa = PBXGroup;
			children = (
				BDE6B0AD238E638D0021D4AD /* Expression */,
				BDE6B0B2238E638D0021D4AD /* Mocks */,
				BDE6B08A238E5FA90021D4AD /* BooleanExpressionEvaluationTests.swift */,
				BDE6B08C238E5FA90021D4AD /* Info.plist */,
			);
			path = BooleanExpressionEvaluationTests;
			sourceTree = "<group>";
		};
		BDE6B097238E63710021D4AD /* Expression */ = {
			isa = PBXGroup;
			children = (
				BDE6B098238E63710021D4AD /* ExpressionError.swift */,
				BDE6B09B238E63710021D4AD /* ExpressionElement.swift */,
				BDE6B099238E63710021D4AD /* Expression.swift */,
				BDE6B09A238E63710021D4AD /* BooleanExpressionTokenizator.swift */,
				BDE6B09C238E63710021D4AD /* HalfBooleanExpression.swift */,
				BDE6B09D238E63710021D4AD /* ExpressionEvaluator.swift */,
			);
			path = Expression;
			sourceTree = "<group>";
		};
		BDE6B09E238E63710021D4AD /* Extensions */ = {
			isa = PBXGroup;
			children = (
				BDE6B09F238E63710021D4AD /* ArrayExtension.swift */,
				BDE6B0A0238E63710021D4AD /* StringExtensions.swift */,
				BDE6B0A1238E63710021D4AD /* NSRegularExpressionExtension.swift */,
			);
			path = Extensions;
			sourceTree = "<group>";
		};
		BDE6B0AD238E638D0021D4AD /* Expression */ = {
			isa = PBXGroup;
			children = (
				BDE6B0AE238E638D0021D4AD /* BooleanExpressionTokenizorTests.swift */,
				BDB6C4752392D4E70027D01F /* BooleanExpressionTokenizorTestsIntegration.swift */,
				BDE6B0AF238E638D0021D4AD /* ExpressionElementTests.swift */,
				BDE6B0B0238E638D0021D4AD /* ExpressionEvaluatorTests.swift */,
				BDB6C4772392D5C00027D01F /* ExpressionEvaluatorTestsIntegration.swift */,
				BDE6B0B1238E638D0021D4AD /* ExpressionTests.swift */,
			);
			path = Expression;
			sourceTree = "<group>";
		};
		BDE6B0B2238E638D0021D4AD /* Mocks */ = {
			isa = PBXGroup;
			children = (
			);
			path = Mocks;
			sourceTree = "<group>";
		};
		EEA072F6128FA158FD24288C /* Frameworks */ = {
			isa = PBXGroup;
			children = (
				C7655CBD995C3A4F7CD1FCF3 /* libPods-BooleanExpressionEvaluation.a */,
				BC7E489E2F389D785B1599C0 /* libPods-BooleanExpressionEvaluation-BooleanExpressionEvaluationTests.a */,
			);
			name = Frameworks;
			sourceTree = "<group>";
		};
/* End PBXGroup section */

/* Begin PBXHeadersBuildPhase section */
		BDE6B077238E5FA90021D4AD /* Headers */ = {
			isa = PBXHeadersBuildPhase;
			buildActionMask = 2147483647;
			files = (
				BDE6B08D238E5FA90021D4AD /* BooleanExpressionEvaluation.h in Headers */,
			);
			runOnlyForDeploymentPostprocessing = 0;
		};
/* End PBXHeadersBuildPhase section */

/* Begin PBXNativeTarget section */
		BDE6B07B238E5FA90021D4AD /* BooleanExpressionEvaluation */ = {
			isa = PBXNativeTarget;
			buildConfigurationList = BDE6B090238E5FA90021D4AD /* Build configuration list for PBXNativeTarget "BooleanExpressionEvaluation" */;
			buildPhases = (
				965DCCB811699353493AFA27 /* [CP] Check Pods Manifest.lock */,
				BDE6B077238E5FA90021D4AD /* Headers */,
				BDE6B078238E5FA90021D4AD /* Sources */,
				BDE6B079238E5FA90021D4AD /* Frameworks */,
				BDE6B07A238E5FA90021D4AD /* Resources */,
				BDE6B096238E60500021D4AD /* SwiftLint */,
			);
			buildRules = (
			);
			dependencies = (
			);
			name = BooleanExpressionEvaluation;
			productName = BooleanExpressionEvaluation;
			productReference = BDE6B07C238E5FA90021D4AD /* BooleanExpressionEvaluation.framework */;
			productType = "com.apple.product-type.framework";
		};
		BDE6B084238E5FA90021D4AD /* BooleanExpressionEvaluationTests */ = {
			isa = PBXNativeTarget;
			buildConfigurationList = BDE6B093238E5FA90021D4AD /* Build configuration list for PBXNativeTarget "BooleanExpressionEvaluationTests" */;
			buildPhases = (
				D360D66A296B50C61FB12BE3 /* [CP] Check Pods Manifest.lock */,
				BDE6B081238E5FA90021D4AD /* Sources */,
				BDE6B082238E5FA90021D4AD /* Frameworks */,
				BDE6B083238E5FA90021D4AD /* Resources */,
			);
			buildRules = (
			);
			dependencies = (
				BDE6B088238E5FA90021D4AD /* PBXTargetDependency */,
			);
			name = BooleanExpressionEvaluationTests;
			productName = BooleanExpressionEvaluationTests;
			productReference = BDE6B085238E5FA90021D4AD /* BooleanExpressionEvaluationTests.xctest */;
			productType = "com.apple.product-type.bundle.unit-test";
		};
/* End PBXNativeTarget section */

/* Begin PBXProject section */
		BDE6B073238E5FA90021D4AD /* Project object */ = {
			isa = PBXProject;
			attributes = {
				LastSwiftUpdateCheck = 1120;
				LastUpgradeCheck = 1120;
				ORGANIZATIONNAME = "Alexis Bridoux";
				TargetAttributes = {
					BDE6B07B238E5FA90021D4AD = {
						CreatedOnToolsVersion = 11.2;
						LastSwiftMigration = 1120;
					};
					BDE6B084238E5FA90021D4AD = {
						CreatedOnToolsVersion = 11.2;
					};
				};
			};
			buildConfigurationList = BDE6B076238E5FA90021D4AD /* Build configuration list for PBXProject "BooleanExpressionEvaluation" */;
			compatibilityVersion = "Xcode 9.3";
			developmentRegion = en;
			hasScannedForEncodings = 0;
			knownRegions = (
				en,
				Base,
			);
			mainGroup = BDE6B072238E5FA90021D4AD;
			productRefGroup = BDE6B07D238E5FA90021D4AD /* Products */;
			projectDirPath = "";
			projectRoot = "";
			targets = (
				BDE6B07B238E5FA90021D4AD /* BooleanExpressionEvaluation */,
				BDE6B084238E5FA90021D4AD /* BooleanExpressionEvaluationTests */,
			);
		};
/* End PBXProject section */

/* Begin PBXResourcesBuildPhase section */
		BDE6B07A238E5FA90021D4AD /* Resources */ = {
			isa = PBXResourcesBuildPhase;
			buildActionMask = 2147483647;
			files = (
			);
			runOnlyForDeploymentPostprocessing = 0;
		};
		BDE6B083238E5FA90021D4AD /* Resources */ = {
			isa = PBXResourcesBuildPhase;
			buildActionMask = 2147483647;
			files = (
			);
			runOnlyForDeploymentPostprocessing = 0;
		};
/* End PBXResourcesBuildPhase section */

/* Begin PBXShellScriptBuildPhase section */
		965DCCB811699353493AFA27 /* [CP] Check Pods Manifest.lock */ = {
			isa = PBXShellScriptBuildPhase;
			buildActionMask = 2147483647;
			files = (
			);
			inputFileListPaths = (
			);
			inputPaths = (
				"${PODS_PODFILE_DIR_PATH}/Podfile.lock",
				"${PODS_ROOT}/Manifest.lock",
			);
			name = "[CP] Check Pods Manifest.lock";
			outputFileListPaths = (
			);
			outputPaths = (
				"$(DERIVED_FILE_DIR)/Pods-BooleanExpressionEvaluation-checkManifestLockResult.txt",
			);
			runOnlyForDeploymentPostprocessing = 0;
			shellPath = /bin/sh;
			shellScript = "diff \"${PODS_PODFILE_DIR_PATH}/Podfile.lock\" \"${PODS_ROOT}/Manifest.lock\" > /dev/null\nif [ $? != 0 ] ; then\n    # print error to STDERR\n    echo \"error: The sandbox is not in sync with the Podfile.lock. Run 'pod install' or update your CocoaPods installation.\" >&2\n    exit 1\nfi\n# This output is used by Xcode 'outputs' to avoid re-running this script phase.\necho \"SUCCESS\" > \"${SCRIPT_OUTPUT_FILE_0}\"\n";
			showEnvVarsInLog = 0;
		};
		BDE6B096238E60500021D4AD /* SwiftLint */ = {
			isa = PBXShellScriptBuildPhase;
			buildActionMask = 2147483647;
			files = (
			);
			inputFileListPaths = (
			);
			inputPaths = (
			);
			name = SwiftLint;
			outputFileListPaths = (
			);
			outputPaths = (
			);
			runOnlyForDeploymentPostprocessing = 0;
			shellPath = /bin/sh;
			shellScript = "if which swiftlint >/dev/null; then\n  swiftlint\nelse\n  echo \"warning: SwiftLint not installed, download from https://github.com/realm/SwiftLint\"\nfi\n";
		};
		D360D66A296B50C61FB12BE3 /* [CP] Check Pods Manifest.lock */ = {
			isa = PBXShellScriptBuildPhase;
			buildActionMask = 2147483647;
			files = (
			);
			inputFileListPaths = (
			);
			inputPaths = (
				"${PODS_PODFILE_DIR_PATH}/Podfile.lock",
				"${PODS_ROOT}/Manifest.lock",
			);
			name = "[CP] Check Pods Manifest.lock";
			outputFileListPaths = (
			);
			outputPaths = (
				"$(DERIVED_FILE_DIR)/Pods-BooleanExpressionEvaluation-BooleanExpressionEvaluationTests-checkManifestLockResult.txt",
			);
			runOnlyForDeploymentPostprocessing = 0;
			shellPath = /bin/sh;
			shellScript = "diff \"${PODS_PODFILE_DIR_PATH}/Podfile.lock\" \"${PODS_ROOT}/Manifest.lock\" > /dev/null\nif [ $? != 0 ] ; then\n    # print error to STDERR\n    echo \"error: The sandbox is not in sync with the Podfile.lock. Run 'pod install' or update your CocoaPods installation.\" >&2\n    exit 1\nfi\n# This output is used by Xcode 'outputs' to avoid re-running this script phase.\necho \"SUCCESS\" > \"${SCRIPT_OUTPUT_FILE_0}\"\n";
			showEnvVarsInLog = 0;
		};
/* End PBXShellScriptBuildPhase section */

/* Begin PBXSourcesBuildPhase section */
		BDE6B078238E5FA90021D4AD /* Sources */ = {
			isa = PBXSourcesBuildPhase;
			buildActionMask = 2147483647;
			files = (
				BDE6B0AA238E63710021D4AD /* StringExtensions.swift in Sources */,
				BDE6B0A7238E63710021D4AD /* HalfBooleanExpression.swift in Sources */,
				BDE6B0A8238E63710021D4AD /* ExpressionEvaluator.swift in Sources */,
				BDE6B0A6238E63710021D4AD /* ExpressionElement.swift in Sources */,
				BDE6B0A3238E63710021D4AD /* ExpressionError.swift in Sources */,
				BDE6B0AB238E63710021D4AD /* NSRegularExpressionExtension.swift in Sources */,
				BDE6B0A9238E63710021D4AD /* ArrayExtension.swift in Sources */,
				BDE6B0A5238E63710021D4AD /* BooleanExpressionTokenizator.swift in Sources */,
				BDE6B0A4238E63710021D4AD /* Expression.swift in Sources */,
			);
			runOnlyForDeploymentPostprocessing = 0;
		};
		BDE6B081238E5FA90021D4AD /* Sources */ = {
			isa = PBXSourcesBuildPhase;
			buildActionMask = 2147483647;
			files = (
				BDE6B0B7238E638D0021D4AD /* ExpressionTests.swift in Sources */,
				BDE6B0B4238E638D0021D4AD /* BooleanExpressionTokenizorTests.swift in Sources */,
				BDE6B0B5238E638D0021D4AD /* ExpressionElementTests.swift in Sources */,
				BDB6C4782392D5C00027D01F /* ExpressionEvaluatorTestsIntegration.swift in Sources */,
				BDE6B08B238E5FA90021D4AD /* BooleanExpressionEvaluationTests.swift in Sources */,
				BDE6B0B6238E638D0021D4AD /* ExpressionEvaluatorTests.swift in Sources */,
				BDB6C4762392D4E70027D01F /* BooleanExpressionTokenizorTestsIntegration.swift in Sources */,
			);
			runOnlyForDeploymentPostprocessing = 0;
		};
/* End PBXSourcesBuildPhase section */

/* Begin PBXTargetDependency section */
		BDE6B088238E5FA90021D4AD /* PBXTargetDependency */ = {
			isa = PBXTargetDependency;
			target = BDE6B07B238E5FA90021D4AD /* BooleanExpressionEvaluation */;
			targetProxy = BDE6B087238E5FA90021D4AD /* PBXContainerItemProxy */;
		};
/* End PBXTargetDependency section */

/* Begin XCBuildConfiguration section */
		BDE6B08E238E5FA90021D4AD /* Debug */ = {
			isa = XCBuildConfiguration;
			buildSettings = {
				ALWAYS_SEARCH_USER_PATHS = NO;
				CLANG_ANALYZER_NONNULL = YES;
				CLANG_ANALYZER_NUMBER_OBJECT_CONVERSION = YES_AGGRESSIVE;
				CLANG_CXX_LANGUAGE_STANDARD = "gnu++14";
				CLANG_CXX_LIBRARY = "libc++";
				CLANG_ENABLE_MODULES = YES;
				CLANG_ENABLE_OBJC_ARC = YES;
				CLANG_ENABLE_OBJC_WEAK = YES;
				CLANG_WARN_BLOCK_CAPTURE_AUTORELEASING = YES;
				CLANG_WARN_BOOL_CONVERSION = YES;
				CLANG_WARN_COMMA = YES;
				CLANG_WARN_CONSTANT_CONVERSION = YES;
				CLANG_WARN_DEPRECATED_OBJC_IMPLEMENTATIONS = YES;
				CLANG_WARN_DIRECT_OBJC_ISA_USAGE = YES_ERROR;
				CLANG_WARN_DOCUMENTATION_COMMENTS = YES;
				CLANG_WARN_EMPTY_BODY = YES;
				CLANG_WARN_ENUM_CONVERSION = YES;
				CLANG_WARN_INFINITE_RECURSION = YES;
				CLANG_WARN_INT_CONVERSION = YES;
				CLANG_WARN_NON_LITERAL_NULL_CONVERSION = YES;
				CLANG_WARN_OBJC_IMPLICIT_RETAIN_SELF = YES;
				CLANG_WARN_OBJC_LITERAL_CONVERSION = YES;
				CLANG_WARN_OBJC_ROOT_CLASS = YES_ERROR;
				CLANG_WARN_RANGE_LOOP_ANALYSIS = YES;
				CLANG_WARN_STRICT_PROTOTYPES = YES;
				CLANG_WARN_SUSPICIOUS_MOVE = YES;
				CLANG_WARN_UNGUARDED_AVAILABILITY = YES_AGGRESSIVE;
				CLANG_WARN_UNREACHABLE_CODE = YES;
				CLANG_WARN__DUPLICATE_METHOD_MATCH = YES;
				COPY_PHASE_STRIP = NO;
				CURRENT_PROJECT_VERSION = 2;
				DEBUG_INFORMATION_FORMAT = dwarf;
				ENABLE_STRICT_OBJC_MSGSEND = YES;
				ENABLE_TESTABILITY = YES;
				GCC_C_LANGUAGE_STANDARD = gnu11;
				GCC_DYNAMIC_NO_PIC = NO;
				GCC_NO_COMMON_BLOCKS = YES;
				GCC_OPTIMIZATION_LEVEL = 0;
				GCC_PREPROCESSOR_DEFINITIONS = (
					"DEBUG=1",
					"$(inherited)",
				);
				GCC_WARN_64_TO_32_BIT_CONVERSION = YES;
				GCC_WARN_ABOUT_RETURN_TYPE = YES_ERROR;
				GCC_WARN_UNDECLARED_SELECTOR = YES;
				GCC_WARN_UNINITIALIZED_AUTOS = YES_AGGRESSIVE;
				GCC_WARN_UNUSED_FUNCTION = YES;
				GCC_WARN_UNUSED_VARIABLE = YES;
				MACOSX_DEPLOYMENT_TARGET = 10.13;
				MTL_ENABLE_DEBUG_INFO = INCLUDE_SOURCE;
				MTL_FAST_MATH = YES;
				ONLY_ACTIVE_ARCH = YES;
				SDKROOT = macosx;
				SWIFT_ACTIVE_COMPILATION_CONDITIONS = DEBUG;
				SWIFT_OPTIMIZATION_LEVEL = "-Onone";
				VERSIONING_SYSTEM = "apple-generic";
				VERSION_INFO_PREFIX = "";
			};
			name = Debug;
		};
		BDE6B08F238E5FA90021D4AD /* Release */ = {
			isa = XCBuildConfiguration;
			buildSettings = {
				ALWAYS_SEARCH_USER_PATHS = NO;
				CLANG_ANALYZER_NONNULL = YES;
				CLANG_ANALYZER_NUMBER_OBJECT_CONVERSION = YES_AGGRESSIVE;
				CLANG_CXX_LANGUAGE_STANDARD = "gnu++14";
				CLANG_CXX_LIBRARY = "libc++";
				CLANG_ENABLE_MODULES = YES;
				CLANG_ENABLE_OBJC_ARC = YES;
				CLANG_ENABLE_OBJC_WEAK = YES;
				CLANG_WARN_BLOCK_CAPTURE_AUTORELEASING = YES;
				CLANG_WARN_BOOL_CONVERSION = YES;
				CLANG_WARN_COMMA = YES;
				CLANG_WARN_CONSTANT_CONVERSION = YES;
				CLANG_WARN_DEPRECATED_OBJC_IMPLEMENTATIONS = YES;
				CLANG_WARN_DIRECT_OBJC_ISA_USAGE = YES_ERROR;
				CLANG_WARN_DOCUMENTATION_COMMENTS = YES;
				CLANG_WARN_EMPTY_BODY = YES;
				CLANG_WARN_ENUM_CONVERSION = YES;
				CLANG_WARN_INFINITE_RECURSION = YES;
				CLANG_WARN_INT_CONVERSION = YES;
				CLANG_WARN_NON_LITERAL_NULL_CONVERSION = YES;
				CLANG_WARN_OBJC_IMPLICIT_RETAIN_SELF = YES;
				CLANG_WARN_OBJC_LITERAL_CONVERSION = YES;
				CLANG_WARN_OBJC_ROOT_CLASS = YES_ERROR;
				CLANG_WARN_RANGE_LOOP_ANALYSIS = YES;
				CLANG_WARN_STRICT_PROTOTYPES = YES;
				CLANG_WARN_SUSPICIOUS_MOVE = YES;
				CLANG_WARN_UNGUARDED_AVAILABILITY = YES_AGGRESSIVE;
				CLANG_WARN_UNREACHABLE_CODE = YES;
				CLANG_WARN__DUPLICATE_METHOD_MATCH = YES;
				COPY_PHASE_STRIP = NO;
				CURRENT_PROJECT_VERSION = 2;
				DEBUG_INFORMATION_FORMAT = "dwarf-with-dsym";
				ENABLE_NS_ASSERTIONS = NO;
				ENABLE_STRICT_OBJC_MSGSEND = YES;
				GCC_C_LANGUAGE_STANDARD = gnu11;
				GCC_NO_COMMON_BLOCKS = YES;
				GCC_WARN_64_TO_32_BIT_CONVERSION = YES;
				GCC_WARN_ABOUT_RETURN_TYPE = YES_ERROR;
				GCC_WARN_UNDECLARED_SELECTOR = YES;
				GCC_WARN_UNINITIALIZED_AUTOS = YES_AGGRESSIVE;
				GCC_WARN_UNUSED_FUNCTION = YES;
				GCC_WARN_UNUSED_VARIABLE = YES;
				MACOSX_DEPLOYMENT_TARGET = 10.13;
				MTL_ENABLE_DEBUG_INFO = NO;
				MTL_FAST_MATH = YES;
				SDKROOT = macosx;
				SWIFT_COMPILATION_MODE = wholemodule;
				SWIFT_OPTIMIZATION_LEVEL = "-O";
				VERSIONING_SYSTEM = "apple-generic";
				VERSION_INFO_PREFIX = "";
			};
			name = Release;
		};
		BDE6B091238E5FA90021D4AD /* Debug */ = {
			isa = XCBuildConfiguration;
			baseConfigurationReference = D430332213FBFCF4BE3BFAF9 /* Pods-BooleanExpressionEvaluation.debug.xcconfig */;
			buildSettings = {
				CLANG_ENABLE_MODULES = YES;
				CODE_SIGN_STYLE = Automatic;
				COMBINE_HIDPI_IMAGES = YES;
				CURRENT_PROJECT_VERSION = 3;
				DEFINES_MODULE = YES;
				DEVELOPMENT_TEAM = QMZ7ESHY49;
				DYLIB_COMPATIBILITY_VERSION = 1;
				DYLIB_CURRENT_VERSION = 1;
				DYLIB_INSTALL_NAME_BASE = "@rpath";
				INFOPLIST_FILE = BooleanExpressionEvaluation/Info.plist;
				INSTALL_PATH = "$(LOCAL_LIBRARY_DIR)/Frameworks";
				LD_RUNPATH_SEARCH_PATHS = (
					"$(inherited)",
					"@executable_path/../Frameworks",
					"@loader_path/Frameworks",
				);
				MARKETING_VERSION = 1.1.1;
				PRODUCT_BUNDLE_IDENTIFIER = com.alexisbridoux.BooleanExpressionEvaluation;
				PRODUCT_NAME = "$(TARGET_NAME:c99extidentifier)";
				SKIP_INSTALL = YES;
				SWIFT_OPTIMIZATION_LEVEL = "-Onone";
				SWIFT_VERSION = 5.0;
			};
			name = Debug;
		};
		BDE6B092238E5FA90021D4AD /* Release */ = {
			isa = XCBuildConfiguration;
			baseConfigurationReference = CAF7B2CD271FF08A313F3111 /* Pods-BooleanExpressionEvaluation.release.xcconfig */;
			buildSettings = {
				CLANG_ENABLE_MODULES = YES;
				CODE_SIGN_STYLE = Automatic;
				COMBINE_HIDPI_IMAGES = YES;
				CURRENT_PROJECT_VERSION = 3;
				DEFINES_MODULE = YES;
				DEVELOPMENT_TEAM = QMZ7ESHY49;
				DYLIB_COMPATIBILITY_VERSION = 1;
				DYLIB_CURRENT_VERSION = 1;
				DYLIB_INSTALL_NAME_BASE = "@rpath";
				INFOPLIST_FILE = BooleanExpressionEvaluation/Info.plist;
				INSTALL_PATH = "$(LOCAL_LIBRARY_DIR)/Frameworks";
				LD_RUNPATH_SEARCH_PATHS = (
					"$(inherited)",
					"@executable_path/../Frameworks",
					"@loader_path/Frameworks",
				);
				MARKETING_VERSION = 1.1.1;
				PRODUCT_BUNDLE_IDENTIFIER = com.alexisbridoux.BooleanExpressionEvaluation;
				PRODUCT_NAME = "$(TARGET_NAME:c99extidentifier)";
				SKIP_INSTALL = YES;
				SWIFT_VERSION = 5.0;
			};
			name = Release;
		};
		BDE6B094238E5FA90021D4AD /* Debug */ = {
			isa = XCBuildConfiguration;
			baseConfigurationReference = B52333DF56B2FF4E5D298E96 /* Pods-BooleanExpressionEvaluation-BooleanExpressionEvaluationTests.debug.xcconfig */;
			buildSettings = {
				ALWAYS_EMBED_SWIFT_STANDARD_LIBRARIES = YES;
				CODE_SIGN_STYLE = Automatic;
				COMBINE_HIDPI_IMAGES = YES;
				DEVELOPMENT_TEAM = QMZ7ESHY49;
				INFOPLIST_FILE = BooleanExpressionEvaluationTests/Info.plist;
				LD_RUNPATH_SEARCH_PATHS = (
					"$(inherited)",
					"@executable_path/../Frameworks",
					"@loader_path/../Frameworks",
				);
				PRODUCT_BUNDLE_IDENTIFIER = com.alexisbridoux.BooleanExpressionEvaluationTests;
				PRODUCT_NAME = "$(TARGET_NAME)";
				SWIFT_VERSION = 5.0;
			};
			name = Debug;
		};
		BDE6B095238E5FA90021D4AD /* Release */ = {
			isa = XCBuildConfiguration;
			baseConfigurationReference = 94BD83E8359F4912E2F4F142 /* Pods-BooleanExpressionEvaluation-BooleanExpressionEvaluationTests.release.xcconfig */;
			buildSettings = {
				ALWAYS_EMBED_SWIFT_STANDARD_LIBRARIES = YES;
				CODE_SIGN_STYLE = Automatic;
				COMBINE_HIDPI_IMAGES = YES;
				DEVELOPMENT_TEAM = QMZ7ESHY49;
				INFOPLIST_FILE = BooleanExpressionEvaluationTests/Info.plist;
				LD_RUNPATH_SEARCH_PATHS = (
					"$(inherited)",
					"@executable_path/../Frameworks",
					"@loader_path/../Frameworks",
				);
				PRODUCT_BUNDLE_IDENTIFIER = com.alexisbridoux.BooleanExpressionEvaluationTests;
				PRODUCT_NAME = "$(TARGET_NAME)";
				SWIFT_VERSION = 5.0;
			};
			name = Release;
		};
/* End XCBuildConfiguration section */

/* Begin XCConfigurationList section */
		BDE6B076238E5FA90021D4AD /* Build configuration list for PBXProject "BooleanExpressionEvaluation" */ = {
			isa = XCConfigurationList;
			buildConfigurations = (
				BDE6B08E238E5FA90021D4AD /* Debug */,
				BDE6B08F238E5FA90021D4AD /* Release */,
			);
			defaultConfigurationIsVisible = 0;
			defaultConfigurationName = Release;
		};
		BDE6B090238E5FA90021D4AD /* Build configuration list for PBXNativeTarget "BooleanExpressionEvaluation" */ = {
			isa = XCConfigurationList;
			buildConfigurations = (
				BDE6B091238E5FA90021D4AD /* Debug */,
				BDE6B092238E5FA90021D4AD /* Release */,
			);
			defaultConfigurationIsVisible = 0;
			defaultConfigurationName = Release;
		};
		BDE6B093238E5FA90021D4AD /* Build configuration list for PBXNativeTarget "BooleanExpressionEvaluationTests" */ = {
			isa = XCConfigurationList;
			buildConfigurations = (
				BDE6B094238E5FA90021D4AD /* Debug */,
				BDE6B095238E5FA90021D4AD /* Release */,
			);
			defaultConfigurationIsVisible = 0;
			defaultConfigurationName = Release;
		};
/* End XCConfigurationList section */
	};
	rootObject = BDE6B073238E5FA90021D4AD /* Project object */;
}
